
Microsoft Visual Studio Solution File, Format Version 12.00
# Visual Studio Version 17
VisualStudioVersion = 17.14.36930.0 d17.14
MinimumVisualStudioVersion = 10.0.40219.1
Project("{FAE04EC0-301F-11D3-BF4B-00C04F79EFBC}") = "Sistema_Alquiler_Vehiculos", "Sistema_Alquiler_Vehiculos.csproj", "{6F9EEFF0-B9C1-4D64-9E3C-E9196ECAF314}"
EndProject
Global
	GlobalSection(SolutionConfigurationPlatforms) = preSolution
		Debug|Any CPU = Debug|Any CPU
		Release|Any CPU = Release|Any CPU
	EndGlobalSection
	GlobalSection(ProjectConfigurationPlatforms) = postSolution
		{6F9EEFF0-B9C1-4D64-9E3C-E9196ECAF314}.Debug|Any CPU.ActiveCfg = Debug|Any CPU
		{6F9EEFF0-B9C1-4D64-9E3C-E9196ECAF314}.Debug|Any CPU.Build.0 = Debug|Any CPU
		{6F9EEFF0-B9C1-4D64-9E3C-E9196ECAF314}.Release|Any CPU.ActiveCfg = Release|Any CPU
		{6F9EEFF0-B9C1-4D64-9E3C-E9196ECAF314}.Release|Any CPU.Build.0 = Release|Any CPU
	EndGlobalSection
	GlobalSection(SolutionProperties) = preSolution
		HideSolutionNode = FALSE
	EndGlobalSection
	GlobalSection(ExtensibilityGlobals) = postSolution
		SolutionGuid = {74E83800-C4F6-450C-A90E-FEA745977C99}
	EndGlobalSection
EndGlobal
